// !$*UTF8*$!
{
	archiveVersion = 1;
	classes = {
	};
	objectVersion = 50;
	objects = {

/* Begin PBXBuildFile section */
		E8493C9E22E671EC00FDC4DC /* AppDelegate.swift in Sources */ = {isa = PBXBuildFile; fileRef = E8493C9D22E671EC00FDC4DC /* AppDelegate.swift */; };
		E8493CA022E671EC00FDC4DC /* ViewController.swift in Sources */ = {isa = PBXBuildFile; fileRef = E8493C9F22E671EC00FDC4DC /* ViewController.swift */; };
		E8493CA322E671EC00FDC4DC /* Main.storyboard in Resources */ = {isa = PBXBuildFile; fileRef = E8493CA122E671EC00FDC4DC /* Main.storyboard */; };
		E8493CA522E671F200FDC4DC /* Assets.xcassets in Resources */ = {isa = PBXBuildFile; fileRef = E8493CA422E671F200FDC4DC /* Assets.xcassets */; };
		E8493CA822E671F200FDC4DC /* LaunchScreen.storyboard in Resources */ = {isa = PBXBuildFile; fileRef = E8493CA622E671F200FDC4DC /* LaunchScreen.storyboard */; };
		E8493CB022E6938A00FDC4DC /* beeping.m4a in Resources */ = {isa = PBXBuildFile; fileRef = E8493CAF22E6938900FDC4DC /* beeping.m4a */; };
/* End PBXBuildFile section */

/* Begin PBXFileReference section */
		E8493C9A22E671EC00FDC4DC /* OmniousBeepingApp.app */ = {isa = PBXFileReference; explicitFileType = wrapper.application; includeInIndex = 0; path = OmniousBeepingApp.app; sourceTree = BUILT_PRODUCTS_DIR; };
		E8493C9D22E671EC00FDC4DC /* AppDelegate.swift */ = {isa = PBXFileReference; lastKnownFileType = sourcecode.swift; path = AppDelegate.swift; sourceTree = "<group>"; };
		E8493C9F22E671EC00FDC4DC /* ViewController.swift */ = {isa = PBXFileReference; lastKnownFileType = sourcecode.swift; path = ViewController.swift; sourceTree = "<group>"; };
		E8493CA222E671EC00FDC4DC /* Base */ = {isa = PBXFileReference; lastKnownFileType = file.storyboard; name = Base; path = Base.lproj/Main.storyboard; sourceTree = "<group>"; };
		E8493CA422E671F200FDC4DC /* Assets.xcassets */ = {isa = PBXFileReference; lastKnownFileType = folder.assetcatalog; path = Assets.xcassets; sourceTree = "<group>"; };
		E8493CA722E671F200FDC4DC /* Base */ = {isa = PBXFileReference; lastKnownFileType = file.storyboard; name = Base; path = Base.lproj/LaunchScreen.storyboard; sourceTree = "<group>"; };
		E8493CA922E671F200FDC4DC /* Info.plist */ = {isa = PBXFileReference; lastKnownFileType = text.plist.xml; path = Info.plist; sourceTree = "<group>"; };
		E8493CAF22E6938900FDC4DC /* beeping.m4a */ = {isa = PBXFileReference; lastKnownFileType = file; name = beeping.m4a; path = OmniousBeepingApp/Assets.xcassets/beeping.dataset/beeping.m4a; sourceTree = "<group>"; };
/* End PBXFileReference section */

/* Begin PBXFrameworksBuildPhase section */
		E8493C9722E671EB00FDC4DC /* Frameworks */ = {
			isa = PBXFrameworksBuildPhase;
			buildActionMask = 2147483647;
			files = (
			);
			runOnlyForDeploymentPostprocessing = 0;
		};
/* End PBXFrameworksBuildPhase section */

/* Begin PBXGroup section */
		E8493C9122E671EB00FDC4DC = {
			isa = PBXGroup;
			children = (
				E8493CAF22E6938900FDC4DC /* beeping.m4a */,
				E8493C9C22E671EC00FDC4DC /* OmniousBeepingApp */,
				E8493C9B22E671EC00FDC4DC /* Products */,
			);
			sourceTree = "<group>";
		};
		E8493C9B22E671EC00FDC4DC /* Products */ = {
			isa = PBXGroup;
			children = (
				E8493C9A22E671EC00FDC4DC /* OmniousBeepingApp.app */,
			);
			name = Products;
			sourceTree = "<group>";
		};
		E8493C9C22E671EC00FDC4DC /* OmniousBeepingApp */ = {
			isa = PBXGroup;
			children = (
				E8493C9D22E671EC00FDC4DC /* AppDelegate.swift */,
				E8493C9F22E671EC00FDC4DC /* ViewController.swift */,
				E8493CA122E671EC00FDC4DC /* Main.storyboard */,
				E8493CA422E671F200FDC4DC /* Assets.xcassets */,
				E8493CA622E671F200FDC4DC /* LaunchScreen.storyboard */,
				E8493CA922E671F200FDC4DC /* Info.plist */,
			);
			path = OmniousBeepingApp;
			sourceTree = "<group>";
		};
/* End PBXGroup section */

/* Begin PBXNativeTarget section */
		E8493C9922E671EB00FDC4DC /* OmniousBeepingApp */ = {
			isa = PBXNativeTarget;
			buildConfigurationList = E8493CAC22E671F200FDC4DC /* Build configuration list for PBXNativeTarget "OmniousBeepingApp" */;
			buildPhases = (
				E8493C9622E671EB00FDC4DC /* Sources */,
				E8493C9722E671EB00FDC4DC /* Frameworks */,
				E8493C9822E671EB00FDC4DC /* Resources */,
			);
			buildRules = (
			);
			dependencies = (
			);
			name = OmniousBeepingApp;
			productName = OmniousBeepingApp;
			productReference = E8493C9A22E671EC00FDC4DC /* OmniousBeepingApp.app */;
			productType = "com.apple.product-type.application";
		};
/* End PBXNativeTarget section */

/* Begin PBXProject section */
		E8493C9222E671EB00FDC4DC /* Project object */ = {
			isa = PBXProject;
			attributes = {
				LastSwiftUpdateCheck = 1020;
				LastUpgradeCheck = 1020;
				ORGANIZATIONNAME = "Manan Patel";
				TargetAttributes = {
					E8493C9922E671EB00FDC4DC = {
						CreatedOnToolsVersion = 10.2.1;
					};
				};
			};
			buildConfigurationList = E8493C9522E671EB00FDC4DC /* Build configuration list for PBXProject "OmniousBeepingApp" */;
			compatibilityVersion = "Xcode 9.3";
			developmentRegion = en;
			hasScannedForEncodings = 0;
			knownRegions = (
				en,
				Base,
			);
			mainGroup = E8493C9122E671EB00FDC4DC;
			productRefGroup = E8493C9B22E671EC00FDC4DC /* Products */;
			projectDirPath = "";
			projectRoot = "";
			targets = (
				E8493C9922E671EB00FDC4DC /* OmniousBeepingApp */,
			);
		};
/* End PBXProject section */

/* Begin PBXResourcesBuildPhase section */
		E8493C9822E671EB00FDC4DC /* Resources */ = {
			isa = PBXResourcesBuildPhase;
			buildActionMask = 2147483647;
			files = (
				E8493CB022E6938A00FDC4DC /* beeping.m4a in Resources */,
				E8493CA822E671F200FDC4DC /* LaunchScreen.storyboard in Resources */,
				E8493CA522E671F200FDC4DC /* Assets.xcassets in Resources */,
				E8493CA322E671EC00FDC4DC /* Main.storyboard in Resources */,
			);
			runOnlyForDeploymentPostprocessing = 0;
		};
/* End PBXResourcesBuildPhase section */

/* Begin PBXSourcesBuildPhase section */
		E8493C9622E671EB00FDC4DC /* Sources */ = {
			isa = PBXSourcesBuildPhase;
			buildActionMask = 2147483647;
			files = (
				E8493CA022E671EC00FDC4DC /* ViewController.swift in Sources */,
				E8493C9E22E671EC00FDC4DC /* AppDelegate.swift in Sources */,
			);
			runOnlyForDeploymentPostprocessing = 0;
		};
/* End PBXSourcesBuildPhase section */

/* Begin PBXVariantGroup section */
		E8493CA122E671EC00FDC4DC /* Main.storyboard */ = {
			isa = PBXVariantGroup;
			children = (
				E8493CA222E671EC00FDC4DC /* Base */,
			);
			name = Main.storyboard;
			sourceTree = "<group>";
		};
		E8493CA622E671F200FDC4DC /* LaunchScreen.storyboard */ = {
			isa = PBXVariantGroup;
			children = (
				E8493CA722E671F200FDC4DC /* Base */,
			);
			name = LaunchScreen.storyboard;
			sourceTree = "<group>";
		};
/* End PBXVariantGroup section */

/* Begin XCBuildConfiguration section */
		E8493CAA22E671F200FDC4DC /* Debug */ = {
			isa = XCBuildConfiguration;
			buildSettings = {
				ALWAYS_SEARCH_USER_PATHS = NO;
				CLANG_ANALYZER_NONNULL = YES;
				CLANG_ANALYZER_NUMBER_OBJECT_CONVERSION = YES_AGGRESSIVE;
				CLANG_CXX_LANGUAGE_STANDARD = "gnu++14";
				CLANG_CXX_LIBRARY = "libc++";
				CLANG_ENABLE_MODULES = YES;
				CLANG_ENABLE_OBJC_ARC = YES;
				CLANG_ENABLE_OBJC_WEAK = YES;
				CLANG_WARN_BLOCK_CAPTURE_AUTORELEASING = YES;
				CLANG_WARN_BOOL_CONVERSION = YES;
				CLANG_WARN_COMMA = YES;
				CLANG_WARN_CONSTANT_CONVERSION = YES;
				CLANG_WARN_DEPRECATED_OBJC_IMPLEMENTATIONS = YES;
				CLANG_WARN_DIRECT_OBJC_ISA_USAGE = YES_ERROR;
				CLANG_WARN_DOCUMENTATION_COMMENTS = YES;
				CLANG_WARN_EMPTY_BODY = YES;
				CLANG_WARN_ENUM_CONVERSION = YES;
				CLANG_WARN_INFINITE_RECURSION = YES;
				CLANG_WARN_INT_CONVERSION = YES;
				CLANG_WARN_NON_LITERAL_NULL_CONVERSION = YES;
				CLANG_WARN_OBJC_IMPLICIT_RETAIN_SELF = YES;
				CLANG_WARN_OBJC_LITERAL_CONVERSION = YES;
				CLANG_WARN_OBJC_ROOT_CLASS = YES_ERROR;
				CLANG_WARN_RANGE_LOOP_ANALYSIS = YES;
				CLANG_WARN_STRICT_PROTOTYPES = YES;
				CLANG_WARN_SUSPICIOUS_MOVE = YES;
				CLANG_WARN_UNGUARDED_AVAILABILITY = YES_AGGRESSIVE;
				CLANG_WARN_UNREACHABLE_CODE = YES;
				CLANG_WARN__DUPLICATE_METHOD_MATCH = YES;
				CODE_SIGN_IDENTITY = "iPhone Developer";
				COPY_PHASE_STRIP = NO;
				DEBUG_INFORMATION_FORMAT = dwarf;
				ENABLE_STRICT_OBJC_MSGSEND = YES;
				ENABLE_TESTABILITY = YES;
				GCC_C_LANGUAGE_STANDARD = gnu11;
				GCC_DYNAMIC_NO_PIC = NO;
				GCC_NO_COMMON_BLOCKS = YES;
				GCC_OPTIMIZATION_LEVEL = 0;
				GCC_PREPROCESSOR_DEFINITIONS = (
					"DEBUG=1",
					"$(inherited)",
				);
				GCC_WARN_64_TO_32_BIT_CONVERSION = YES;
				GCC_WARN_ABOUT_RETURN_TYPE = YES_ERROR;
				GCC_WARN_UNDECLARED_SELECTOR = YES;
				GCC_WARN_UNINITIALIZED_AUTOS = YES_AGGRESSIVE;
				GCC_WARN_UNUSED_FUNCTION = YES;
				GCC_WARN_UNUSED_VARIABLE = YES;
				IPHONEOS_DEPLOYMENT_TARGET = 12.2;
				MTL_ENABLE_DEBUG_INFO = INCLUDE_SOURCE;
				MTL_FAST_MATH = YES;
				ONLY_ACTIVE_ARCH = YES;
				SDKROOT = iphoneos;
				SWIFT_ACTIVE_COMPILATION_CONDITIONS = DEBUG;
				SWIFT_OPTIMIZATION_LEVEL = "-Onone";
			};
			name = Debug;
		};
		E8493CAB22E671F200FDC4DC /* Release */ = {
			isa = XCBuildConfiguration;
			buildSettings = {
				ALWAYS_SEARCH_USER_PATHS = NO;
				CLANG_ANALYZER_NONNULL = YES;
				CLANG_ANALYZER_NUMBER_OBJECT_CONVERSION = YES_AGGRESSIVE;
				CLANG_CXX_LANGUAGE_STANDARD = "gnu++14";
				CLANG_CXX_LIBRARY = "libc++";
				CLANG_ENABLE_MODULES = YES;
				CLANG_ENABLE_OBJC_ARC = YES;
				CLANG_ENABLE_OBJC_WEAK = YES;
				CLANG_WARN_BLOCK_CAPTURE_AUTORELEASING = YES;
				CLANG_WARN_BOOL_CONVERSION = YES;
				CLANG_WARN_COMMA = YES;
				CLANG_WARN_CONSTANT_CONVERSION = YES;
				CLANG_WARN_DEPRECATED_OBJC_IMPLEMENTATIONS = YES;
				CLANG_WARN_DIRECT_OBJC_ISA_USAGE = YES_ERROR;
				CLANG_WARN_DOCUMENTATION_COMMENTS = YES;
				CLANG_WARN_EMPTY_BODY = YES;
				CLANG_WARN_ENUM_CONVERSION = YES;
				CLANG_WARN_INFINITE_RECURSION = YES;
				CLANG_WARN_INT_CONVERSION = YES;
				CLANG_WARN_NON_LITERAL_NULL_CONVERSION = YES;
				CLANG_WARN_OBJC_IMPLICIT_RETAIN_SELF = YES;
				CLANG_WARN_OBJC_LITERAL_CONVERSION = YES;
				CLANG_WARN_OBJC_ROOT_CLASS = YES_ERROR;
				CLANG_WARN_RANGE_LOOP_ANALYSIS = YES;
				CLANG_WARN_STRICT_PROTOTYPES = YES;
				CLANG_WARN_SUSPICIOUS_MOVE = YES;
				CLANG_WARN_UNGUARDED_AVAILABILITY = YES_AGGRESSIVE;
				CLANG_WARN_UNREACHABLE_CODE = YES;
				CLANG_WARN__DUPLICATE_METHOD_MATCH = YES;
				CODE_SIGN_IDENTITY = "iPhone Developer";
				COPY_PHASE_STRIP = NO;
				DEBUG_INFORMATION_FORMAT = "dwarf-with-dsym";
				ENABLE_NS_ASSERTIONS = NO;
				ENABLE_STRICT_OBJC_MSGSEND = YES;
				GCC_C_LANGUAGE_STANDARD = gnu11;
				GCC_NO_COMMON_BLOCKS = YES;
				GCC_WARN_64_TO_32_BIT_CONVERSION = YES;
				GCC_WARN_ABOUT_RETURN_TYPE = YES_ERROR;
				GCC_WARN_UNDECLARED_SELECTOR = YES;
				GCC_WARN_UNINITIALIZED_AUTOS = YES_AGGRESSIVE;
				GCC_WARN_UNUSED_FUNCTION = YES;
				GCC_WARN_UNUSED_VARIABLE = YES;
				IPHONEOS_DEPLOYMENT_TARGET = 12.2;
				MTL_ENABLE_DEBUG_INFO = NO;
				MTL_FAST_MATH = YES;
				SDKROOT = iphoneos;
				SWIFT_COMPILATION_MODE = wholemodule;
				SWIFT_OPTIMIZATION_LEVEL = "-O";
				VALIDATE_PRODUCT = YES;
			};
			name = Release;
		};
		E8493CAD22E671F200FDC4DC /* Debug */ = {
			isa = XCBuildConfiguration;
			buildSettings = {
				ASSETCATALOG_COMPILER_APPICON_NAME = AppIcon;
				CODE_SIGN_STYLE = Automatic;
				INFOPLIST_FILE = OmniousBeepingApp/Info.plist;
				LD_RUNPATH_SEARCH_PATHS = (
					"$(inherited)",
					"@executable_path/Frameworks",
				);
				PRODUCT_BUNDLE_IDENTIFIER = MananPatel95.OmniousBeepingApp;
				PRODUCT_NAME = "$(TARGET_NAME)";
				SWIFT_VERSION = 5.0;
				TARGETED_DEVICE_FAMILY = "1,2";
			};
			name = Debug;
		};
		E8493CAE22E671F200FDC4DC /* Release */ = {
			isa = XCBuildConfiguration;
			buildSettings = {
				ASSETCATALOG_COMPILER_APPICON_NAME = AppIcon;
				CODE_SIGN_STYLE = Automatic;
				INFOPLIST_FILE = OmniousBeepingApp/Info.plist;
				LD_RUNPATH_SEARCH_PATHS = (
					"$(inherited)",
					"@executable_path/Frameworks",
				);
				PRODUCT_BUNDLE_IDENTIFIER = MananPatel95.OmniousBeepingApp;
				PRODUCT_NAME = "$(TARGET_NAME)";
				SWIFT_VERSION = 5.0;
				TARGETED_DEVICE_FAMILY = "1,2";
			};
			name = Release;
		};
/* End XCBuildConfiguration section */

/* Begin XCConfigurationList section */
		E8493C9522E671EB00FDC4DC /* Build configuration list for PBXProject "OmniousBeepingApp" */ = {
			isa = XCConfigurationList;
			buildConfigurations = (
				E8493CAA22E671F200FDC4DC /* Debug */,
				E8493CAB22E671F200FDC4DC /* Release */,
			);
			defaultConfigurationIsVisible = 0;
			defaultConfigurationName = Release;
		};
		E8493CAC22E671F200FDC4DC /* Build configuration list for PBXNativeTarget "OmniousBeepingApp" */ = {
			isa = XCConfigurationList;
			buildConfigurations = (
				E8493CAD22E671F200FDC4DC /* Debug */,
				E8493CAE22E671F200FDC4DC /* Release */,
			);
			defaultConfigurationIsVisible = 0;
			defaultConfigurationName = Release;
		};
/* End XCConfigurationList section */
	};
	rootObject = E8493C9222E671EB00FDC4DC /* Project object */;
}
